
Microsoft Visual Studio Solution File, Format Version 12.00
# Visual Studio Version 16
VisualStudioVersion = 16.0.31624.102
MinimumVisualStudioVersion = 10.0.40219.1
Project("{FAE04EC0-301F-11D3-BF4B-00C04F79EFBC}") = "App01_ConsultarCEP.UWP", "App01_ConsultarCEP\App01_ConsultarCEP.UWP\App01_ConsultarCEP.UWP.csproj", "{FB4FFB4B-64A1-4E28-A695-1D5FC4B4F4C0}"
EndProject
Project("{FAE04EC0-301F-11D3-BF4B-00C04F79EFBC}") = "App01_ConsultarCEP.Android", "App01_ConsultarCEP\App01_ConsultarCEP.Android\App01_ConsultarCEP.Android.csproj", "{7A11B946-00FA-4D0E-A6A5-5B9A69F1FC99}"
EndProject
Project("{FAE04EC0-301F-11D3-BF4B-00C04F79EFBC}") = "App01_ConsultarCEP.iOS", "App01_ConsultarCEP\App01_ConsultarCEP.iOS\App01_ConsultarCEP.iOS.csproj", "{6BCF9D1D-DF39-4E6A-BCCA-472795C5072B}"
EndProject
Project("{FAE04EC0-301F-11D3-BF4B-00C04F79EFBC}") = "App01_ConsultarCEP", "App01_ConsultarCEP\App01_ConsultarCEP\App01_ConsultarCEP.csproj", "{65D4A668-30B5-4E08-B310-1FC9ADA96F1F}"
EndProject
Global
	GlobalSection(SolutionConfigurationPlatforms) = preSolution
		Debug|Any CPU = Debug|Any CPU
		Debug|ARM = Debug|ARM
		Debug|iPhone = Debug|iPhone
		Debug|iPhoneSimulator = Debug|iPhoneSimulator
		Debug|x64 = Debug|x64
		Debug|x86 = Debug|x86
		Release|Any CPU = Release|Any CPU
		Release|ARM = Release|ARM
		Release|iPhone = Release|iPhone
		Release|iPhoneSimulator = Release|iPhoneSimulator
		Release|x64 = Release|x64
		Release|x86 = Release|x86
	EndGlobalSection
	GlobalSection(ProjectConfigurationPlatforms) = postSolution
		{FB4FFB4B-64A1-4E28-A695-1D5FC4B4F4C0}.Debug|Any CPU.ActiveCfg = Debug|x86
		{FB4FFB4B-64A1-4E28-A695-1D5FC4B4F4C0}.Debug|Any CPU.Build.0 = Debug|x86
		{FB4FFB4B-64A1-4E28-A695-1D5FC4B4F4C0}.Debug|Any CPU.Deploy.0 = Debug|x86
		{FB4FFB4B-64A1-4E28-A695-1D5FC4B4F4C0}.Debug|ARM.ActiveCfg = Debug|ARM
		{FB4FFB4B-64A1-4E28-A695-1D5FC4B4F4C0}.Debug|ARM.Build.0 = Debug|ARM
		{FB4FFB4B-64A1-4E28-A695-1D5FC4B4F4C0}.Debug|ARM.Deploy.0 = Debug|ARM
		{FB4FFB4B-64A1-4E28-A695-1D5FC4B4F4C0}.Debug|iPhone.ActiveCfg = Debug|x86
		{FB4FFB4B-64A1-4E28-A695-1D5FC4B4F4C0}.Debug|iPhone.Build.0 = Debug|x86
		{FB4FFB4B-64A1-4E28-A695-1D5FC4B4F4C0}.Debug|iPhone.Deploy.0 = Debug|x86
		{FB4FFB4B-64A1-4E28-A695-1D5FC4B4F4C0}.Debug|iPhoneSimulator.ActiveCfg = Debug|x86
		{FB4FFB4B-64A1-4E28-A695-1D5FC4B4F4C0}.Debug|iPhoneSimulator.Build.0 = Debug|x86
		{FB4FFB4B-64A1-4E28-A695-1D5FC4B4F4C0}.Debug|iPhoneSimulator.Deploy.0 = Debug|x86
		{FB4FFB4B-64A1-4E28-A695-1D5FC4B4F4C0}.Debug|x64.ActiveCfg = Debug|x64
		{FB4FFB4B-64A1-4E28-A695-1D5FC4B4F4C0}.Debug|x64.Build.0 = Debug|x64
		{FB4FFB4B-64A1-4E28-A695-1D5FC4B4F4C0}.Debug|x64.Deploy.0 = Debug|x64
		{FB4FFB4B-64A1-4E28-A695-1D5FC4B4F4C0}.Debug|x86.ActiveCfg = Debug|x86
		{FB4FFB4B-64A1-4E28-A695-1D5FC4B4F4C0}.Debug|x86.Build.0 = Debug|x86
		{FB4FFB4B-64A1-4E28-A695-1D5FC4B4F4C0}.Debug|x86.Deploy.0 = Debug|x86
		{FB4FFB4B-64A1-4E28-A695-1D5FC4B4F4C0}.Release|Any CPU.ActiveCfg = Release|x86
		{FB4FFB4B-64A1-4E28-A695-1D5FC4B4F4C0}.Release|Any CPU.Build.0 = Release|x86
		{FB4FFB4B-64A1-4E28-A695-1D5FC4B4F4C0}.Release|Any CPU.Deploy.0 = Release|x86
		{FB4FFB4B-64A1-4E28-A695-1D5FC4B4F4C0}.Release|ARM.ActiveCfg = Release|ARM
		{FB4FFB4B-64A1-4E28-A695-1D5FC4B4F4C0}.Release|ARM.Build.0 = Release|ARM
		{FB4FFB4B-64A1-4E28-A695-1D5FC4B4F4C0}.Release|ARM.Deploy.0 = Release|ARM
		{FB4FFB4B-64A1-4E28-A695-1D5FC4B4F4C0}.Release|iPhone.ActiveCfg = Release|x86
		{FB4FFB4B-64A1-4E28-A695-1D5FC4B4F4C0}.Release|iPhone.Build.0 = Release|x86
		{FB4FFB4B-64A1-4E28-A695-1D5FC4B4F4C0}.Release|iPhone.Deploy.0 = Release|x86
		{FB4FFB4B-64A1-4E28-A695-1D5FC4B4F4C0}.Release|iPhoneSimulator.ActiveCfg = Release|x86
		{FB4FFB4B-64A1-4E28-A695-1D5FC4B4F4C0}.Release|iPhoneSimulator.Build.0 = Release|x86
		{FB4FFB4B-64A1-4E28-A695-1D5FC4B4F4C0}.Release|iPhoneSimulator.Deploy.0 = Release|x86
		{FB4FFB4B-64A1-4E28-A695-1D5FC4B4F4C0}.Release|x64.ActiveCfg = Release|x64
		{FB4FFB4B-64A1-4E28-A695-1D5FC4B4F4C0}.Release|x64.Build.0 = Release|x64
		{FB4FFB4B-64A1-4E28-A695-1D5FC4B4F4C0}.Release|x64.Deploy.0 = Release|x64
		{FB4FFB4B-64A1-4E28-A695-1D5FC4B4F4C0}.Release|x86.ActiveCfg = Release|x86
		{FB4FFB4B-64A1-4E28-A695-1D5FC4B4F4C0}.Release|x86.Build.0 = Release|x86
		{FB4FFB4B-64A1-4E28-A695-1D5FC4B4F4C0}.Release|x86.Deploy.0 = Release|x86
		{7A11B946-00FA-4D0E-A6A5-5B9A69F1FC99}.Debug|Any CPU.ActiveCfg = Debug|Any CPU
		{7A11B946-00FA-4D0E-A6A5-5B9A69F1FC99}.Debug|Any CPU.Build.0 = Debug|Any CPU
		{7A11B946-00FA-4D0E-A6A5-5B9A69F1FC99}.Debug|Any CPU.Deploy.0 = Debug|Any CPU
		{7A11B946-00FA-4D0E-A6A5-5B9A69F1FC99}.Debug|ARM.ActiveCfg = Debug|Any CPU
		{7A11B946-00FA-4D0E-A6A5-5B9A69F1FC99}.Debug|ARM.Build.0 = Debug|Any CPU
		{7A11B946-00FA-4D0E-A6A5-5B9A69F1FC99}.Debug|ARM.Deploy.0 = Debug|Any CPU
		{7A11B946-00FA-4D0E-A6A5-5B9A69F1FC99}.Debug|iPhone.ActiveCfg = Debug|Any CPU
		{7A11B946-00FA-4D0E-A6A5-5B9A69F1FC99}.Debug|iPhone.Build.0 = Debug|Any CPU
		{7A11B946-00FA-4D0E-A6A5-5B9A69F1FC99}.Debug|iPhone.Deploy.0 = Debug|Any CPU
		{7A11B946-00FA-4D0E-A6A5-5B9A69F1FC99}.Debug|iPhoneSimulator.ActiveCfg = Debug|Any CPU
		{7A11B946-00FA-4D0E-A6A5-5B9A69F1FC99}.Debug|iPhoneSimulator.Build.0 = Debug|Any CPU
		{7A11B946-00FA-4D0E-A6A5-5B9A69F1FC99}.Debug|iPhoneSimulator.Deploy.0 = Debug|Any CPU
		{7A11B946-00FA-4D0E-A6A5-5B9A69F1FC99}.Debug|x64.ActiveCfg = Debug|Any CPU
		{7A11B946-00FA-4D0E-A6A5-5B9A69F1FC99}.Debug|x64.Build.0 = Debug|Any CPU
		{7A11B946-00FA-4D0E-A6A5-5B9A69F1FC99}.Debug|x64.Deploy.0 = Debug|Any CPU
		{7A11B946-00FA-4D0E-A6A5-5B9A69F1FC99}.Debug|x86.ActiveCfg = Debug|Any CPU
		{7A11B946-00FA-4D0E-A6A5-5B9A69F1FC99}.Debug|x86.Build.0 = Debug|Any CPU
		{7A11B946-00FA-4D0E-A6A5-5B9A69F1FC99}.Debug|x86.Deploy.0 = Debug|Any CPU
		{7A11B946-00FA-4D0E-A6A5-5B9A69F1FC99}.Release|Any CPU.ActiveCfg = Release|Any CPU
		{7A11B946-00FA-4D0E-A6A5-5B9A69F1FC99}.Release|Any CPU.Build.0 = Release|Any CPU
		{7A11B946-00FA-4D0E-A6A5-5B9A69F1FC99}.Release|Any CPU.Deploy.0 = Release|Any CPU
		{7A11B946-00FA-4D0E-A6A5-5B9A69F1FC99}.Release|ARM.ActiveCfg = Release|Any CPU
		{7A11B946-00FA-4D0E-A6A5-5B9A69F1FC99}.Release|ARM.Build.0 = Release|Any CPU
		{7A11B946-00FA-4D0E-A6A5-5B9A69F1FC99}.Release|ARM.Deploy.0 = Release|Any CPU
		{7A11B946-00FA-4D0E-A6A5-5B9A69F1FC99}.Release|iPhone.ActiveCfg = Release|Any CPU
		{7A11B946-00FA-4D0E-A6A5-5B9A69F1FC99}.Release|iPhone.Build.0 = Release|Any CPU
		{7A11B946-00FA-4D0E-A6A5-5B9A69F1FC99}.Release|iPhone.Deploy.0 = Release|Any CPU
		{7A11B946-00FA-4D0E-A6A5-5B9A69F1FC99}.Release|iPhoneSimulator.ActiveCfg = Release|Any CPU
		{7A11B946-00FA-4D0E-A6A5-5B9A69F1FC99}.Release|iPhoneSimulator.Build.0 = Release|Any CPU
		{7A11B946-00FA-4D0E-A6A5-5B9A69F1FC99}.Release|iPhoneSimulator.Deploy.0 = Release|Any CPU
		{7A11B946-00FA-4D0E-A6A5-5B9A69F1FC99}.Release|x64.ActiveCfg = Release|Any CPU
		{7A11B946-00FA-4D0E-A6A5-5B9A69F1FC99}.Release|x64.Build.0 = Release|Any CPU
		{7A11B946-00FA-4D0E-A6A5-5B9A69F1FC99}.Release|x64.Deploy.0 = Release|Any CPU
		{7A11B946-00FA-4D0E-A6A5-5B9A69F1FC99}.Release|x86.ActiveCfg = Release|Any CPU
		{7A11B946-00FA-4D0E-A6A5-5B9A69F1FC99}.Release|x86.Build.0 = Release|Any CPU
		{7A11B946-00FA-4D0E-A6A5-5B9A69F1FC99}.Release|x86.Deploy.0 = Release|Any CPU
		{6BCF9D1D-DF39-4E6A-BCCA-472795C5072B}.Debug|Any CPU.ActiveCfg = Debug|iPhoneSimulator
		{6BCF9D1D-DF39-4E6A-BCCA-472795C5072B}.Debug|Any CPU.Build.0 = Debug|iPhoneSimulator
		{6BCF9D1D-DF39-4E6A-BCCA-472795C5072B}.Debug|Any CPU.Deploy.0 = Debug|iPhoneSimulator
		{6BCF9D1D-DF39-4E6A-BCCA-472795C5072B}.Debug|ARM.ActiveCfg = Debug|iPhone
		{6BCF9D1D-DF39-4E6A-BCCA-472795C5072B}.Debug|ARM.Build.0 = Debug|iPhone
		{6BCF9D1D-DF39-4E6A-BCCA-472795C5072B}.Debug|ARM.Deploy.0 = Debug|iPhone
		{6BCF9D1D-DF39-4E6A-BCCA-472795C5072B}.Debug|iPhone.ActiveCfg = Debug|iPhone
		{6BCF9D1D-DF39-4E6A-BCCA-472795C5072B}.Debug|iPhone.Build.0 = Debug|iPhone
		{6BCF9D1D-DF39-4E6A-BCCA-472795C5072B}.Debug|iPhone.Deploy.0 = Debug|iPhone
		{6BCF9D1D-DF39-4E6A-BCCA-472795C5072B}.Debug|iPhoneSimulator.ActiveCfg = Debug|iPhoneSimulator
		{6BCF9D1D-DF39-4E6A-BCCA-472795C5072B}.Debug|iPhoneSimulator.Build.0 = Debug|iPhoneSimulator
		{6BCF9D1D-DF39-4E6A-BCCA-472795C5072B}.Debug|iPhoneSimulator.Deploy.0 = Debug|iPhoneSimulator
		{6BCF9D1D-DF39-4E6A-BCCA-472795C5072B}.Debug|x64.ActiveCfg = Debug|iPhoneSimulator
		{6BCF9D1D-DF39-4E6A-BCCA-472795C5072B}.Debug|x64.Build.0 = Debug|iPhoneSimulator
		{6BCF9D1D-DF39-4E6A-BCCA-472795C5072B}.Debug|x64.Deploy.0 = Debug|iPhoneSimulator
		{6BCF9D1D-DF39-4E6A-BCCA-472795C5072B}.Debug|x86.ActiveCfg = Debug|iPhoneSimulator
		{6BCF9D1D-DF39-4E6A-BCCA-472795C5072B}.Debug|x86.Build.0 = Debug|iPhoneSimulator
		{6BCF9D1D-DF39-4E6A-BCCA-472795C5072B}.Debug|x86.Deploy.0 = Debug|iPhoneSimulator
		{6BCF9D1D-DF39-4E6A-BCCA-472795C5072B}.Release|Any CPU.ActiveCfg = Release|iPhoneSimulator
		{6BCF9D1D-DF39-4E6A-BCCA-472795C5072B}.Release|Any CPU.Build.0 = Release|iPhoneSimulator
		{6BCF9D1D-DF39-4E6A-BCCA-472795C5072B}.Release|Any CPU.Deploy.0 = Release|iPhoneSimulator
		{6BCF9D1D-DF39-4E6A-BCCA-472795C5072B}.Release|ARM.ActiveCfg = Release|iPhoneSimulator
		{6BCF9D1D-DF39-4E6A-BCCA-472795C5072B}.Release|ARM.Build.0 = Release|iPhoneSimulator
		{6BCF9D1D-DF39-4E6A-BCCA-472795C5072B}.Release|ARM.Deploy.0 = Release|iPhoneSimulator
		{6BCF9D1D-DF39-4E6A-BCCA-472795C5072B}.Release|iPhone.ActiveCfg = Release|iPhone
		{6BCF9D1D-DF39-4E6A-BCCA-472795C5072B}.Release|iPhone.Build.0 = Release|iPhone
		{6BCF9D1D-DF39-4E6A-BCCA-472795C5072B}.Release|iPhone.Deploy.0 = Release|iPhone
		{6BCF9D1D-DF39-4E6A-BCCA-472795C5072B}.Release|iPhoneSimulator.ActiveCfg = Release|iPhoneSimulator
		{6BCF9D1D-DF39-4E6A-BCCA-472795C5072B}.Release|iPhoneSimulator.Build.0 = Release|iPhoneSimulator
		{6BCF9D1D-DF39-4E6A-BCCA-472795C5072B}.Release|iPhoneSimulator.Deploy.0 = Release|iPhoneSimulator
		{6BCF9D1D-DF39-4E6A-BCCA-472795C5072B}.Release|x64.ActiveCfg = Release|iPhoneSimulator
		{6BCF9D1D-DF39-4E6A-BCCA-472795C5072B}.Release|x64.Build.0 = Release|iPhoneSimulator
		{6BCF9D1D-DF39-4E6A-BCCA-472795C5072B}.Release|x64.Deploy.0 = Release|iPhoneSimulator
		{6BCF9D1D-DF39-4E6A-BCCA-472795C5072B}.Release|x86.ActiveCfg = Release|iPhoneSimulator
		{6BCF9D1D-DF39-4E6A-BCCA-472795C5072B}.Release|x86.Build.0 = Release|iPhoneSimulator
		{6BCF9D1D-DF39-4E6A-BCCA-472795C5072B}.Release|x86.Deploy.0 = Release|iPhoneSimulator
		{65D4A668-30B5-4E08-B310-1FC9ADA96F1F}.Debug|Any CPU.ActiveCfg = Debug|Any CPU
		{65D4A668-30B5-4E08-B310-1FC9ADA96F1F}.Debug|Any CPU.Build.0 = Debug|Any CPU
		{65D4A668-30B5-4E08-B310-1FC9ADA96F1F}.Debug|Any CPU.Deploy.0 = Debug|Any CPU
		{65D4A668-30B5-4E08-B310-1FC9ADA96F1F}.Debug|ARM.ActiveCfg = Debug|Any CPU
		{65D4A668-30B5-4E08-B310-1FC9ADA96F1F}.Debug|ARM.Build.0 = Debug|Any CPU
		{65D4A668-30B5-4E08-B310-1FC9ADA96F1F}.Debug|ARM.Deploy.0 = Debug|Any CPU
		{65D4A668-30B5-4E08-B310-1FC9ADA96F1F}.Debug|iPhone.ActiveCfg = Debug|Any CPU
		{65D4A668-30B5-4E08-B310-1FC9ADA96F1F}.Debug|iPhone.Build.0 = Debug|Any CPU
		{65D4A668-30B5-4E08-B310-1FC9ADA96F1F}.Debug|iPhone.Deploy.0 = Debug|Any CPU
		{65D4A668-30B5-4E08-B310-1FC9ADA96F1F}.Debug|iPhoneSimulator.ActiveCfg = Debug|Any CPU
		{65D4A668-30B5-4E08-B310-1FC9ADA96F1F}.Debug|iPhoneSimulator.Build.0 = Debug|Any CPU
		{65D4A668-30B5-4E08-B310-1FC9ADA96F1F}.Debug|iPhoneSimulator.Deploy.0 = Debug|Any CPU
		{65D4A668-30B5-4E08-B310-1FC9ADA96F1F}.Debug|x64.ActiveCfg = Debug|Any CPU
		{65D4A668-30B5-4E08-B310-1FC9ADA96F1F}.Debug|x64.Build.0 = Debug|Any CPU
		{65D4A668-30B5-4E08-B310-1FC9ADA96F1F}.Debug|x64.Deploy.0 = Debug|Any CPU
		{65D4A668-30B5-4E08-B310-1FC9ADA96F1F}.Debug|x86.ActiveCfg = Debug|Any CPU
		{65D4A668-30B5-4E08-B310-1FC9ADA96F1F}.Debug|x86.Build.0 = Debug|Any CPU
		{65D4A668-30B5-4E08-B310-1FC9ADA96F1F}.Debug|x86.Deploy.0 = Debug|Any CPU
		{65D4A668-30B5-4E08-B310-1FC9ADA96F1F}.Release|Any CPU.ActiveCfg = Release|Any CPU
		{65D4A668-30B5-4E08-B310-1FC9ADA96F1F}.Release|Any CPU.Build.0 = Release|Any CPU
		{65D4A668-30B5-4E08-B310-1FC9ADA96F1F}.Release|Any CPU.Deploy.0 = Release|Any CPU
		{65D4A668-30B5-4E08-B310-1FC9ADA96F1F}.Release|ARM.ActiveCfg = Release|Any CPU
		{65D4A668-30B5-4E08-B310-1FC9ADA96F1F}.Release|ARM.Build.0 = Release|Any CPU
		{65D4A668-30B5-4E08-B310-1FC9ADA96F1F}.Release|ARM.Deploy.0 = Release|Any CPU
		{65D4A668-30B5-4E08-B310-1FC9ADA96F1F}.Release|iPhone.ActiveCfg = Release|Any CPU
		{65D4A668-30B5-4E08-B310-1FC9ADA96F1F}.Release|iPhone.Build.0 = Release|Any CPU
		{65D4A668-30B5-4E08-B310-1FC9ADA96F1F}.Release|iPhone.Deploy.0 = Release|Any CPU
		{65D4A668-30B5-4E08-B310-1FC9ADA96F1F}.Release|iPhoneSimulator.ActiveCfg = Release|Any CPU
		{65D4A668-30B5-4E08-B310-1FC9ADA96F1F}.Release|iPhoneSimulator.Build.0 = Release|Any CPU
		{65D4A668-30B5-4E08-B310-1FC9ADA96F1F}.Release|iPhoneSimulator.Deploy.0 = Release|Any CPU
		{65D4A668-30B5-4E08-B310-1FC9ADA96F1F}.Release|x64.ActiveCfg = Release|Any CPU
		{65D4A668-30B5-4E08-B310-1FC9ADA96F1F}.Release|x64.Build.0 = Release|Any CPU
		{65D4A668-30B5-4E08-B310-1FC9ADA96F1F}.Release|x64.Deploy.0 = Release|Any CPU
		{65D4A668-30B5-4E08-B310-1FC9ADA96F1F}.Release|x86.ActiveCfg = Release|Any CPU
		{65D4A668-30B5-4E08-B310-1FC9ADA96F1F}.Release|x86.Build.0 = Release|Any CPU
		{65D4A668-30B5-4E08-B310-1FC9ADA96F1F}.Release|x86.Deploy.0 = Release|Any CPU
	EndGlobalSection
	GlobalSection(SolutionProperties) = preSolution
		HideSolutionNode = FALSE
	EndGlobalSection
	GlobalSection(ExtensibilityGlobals) = postSolution
		SolutionGuid = {7EF21A0C-4AEC-4669-B888-436ECF18A686}
	EndGlobalSection
EndGlobal
